
Microsoft Visual Studio Solution File, Format Version 12.00
# Visual Studio Version 17
VisualStudioVersion = 17.13.35931.197 d17.13
MinimumVisualStudioVersion = 10.0.40219.1
Project("{FAE04EC0-301F-11D3-BF4B-00C04F79EFBC}") = "Malshinon", "Malshinon\Malshinon.csproj", "{8FA6FD6D-EABE-4D89-8C63-10C634EB4DB0}"
EndProject
Global
	GlobalSection(SolutionConfigurationPlatforms) = preSolution
		Debug|Any CPU = Debug|Any CPU
		Release|Any CPU = Release|Any CPU
	EndGlobalSection
	GlobalSection(ProjectConfigurationPlatforms) = postSolution
		{8FA6FD6D-EABE-4D89-8C63-10C634EB4DB0}.Debug|Any CPU.ActiveCfg = Debug|Any CPU
		{8FA6FD6D-EABE-4D89-8C63-10C634EB4DB0}.Debug|Any CPU.Build.0 = Debug|Any CPU
		{8FA6FD6D-EABE-4D89-8C63-10C634EB4DB0}.Release|Any CPU.ActiveCfg = Release|Any CPU
		{8FA6FD6D-EABE-4D89-8C63-10C634EB4DB0}.Release|Any CPU.Build.0 = Release|Any CPU
	EndGlobalSection
	GlobalSection(SolutionProperties) = preSolution
		HideSolutionNode = FALSE
	EndGlobalSection
	GlobalSection(ExtensibilityGlobals) = postSolution
		SolutionGuid = {5890350D-4140-47F1-913D-18F277FC47D8}
	EndGlobalSection
EndGlobal
